
Microsoft Visual Studio Solution File, Format Version 12.00
# Visual Studio 15
VisualStudioVersion = 15.0.27130.2036
MinimumVisualStudioVersion = 10.0.40219.1
Project("{FAE04EC0-301F-11D3-BF4B-00C04F79EFBC}") = "CallCenter", "CallCenter\CallCenter.csproj", "{FE33AB37-B63D-42EF-B699-DBDE77F7C041}"
EndProject
Global
	GlobalSection(SolutionConfigurationPlatforms) = preSolution
		Debug|Any CPU = Debug|Any CPU
		Release|Any CPU = Release|Any CPU
	EndGlobalSection
	GlobalSection(ProjectConfigurationPlatforms) = postSolution
		{FE33AB37-B63D-42EF-B699-DBDE77F7C041}.Debug|Any CPU.ActiveCfg = Debug|Any CPU
		{FE33AB37-B63D-42EF-B699-DBDE77F7C041}.Debug|Any CPU.Build.0 = Debug|Any CPU
		{FE33AB37-B63D-42EF-B699-DBDE77F7C041}.Release|Any CPU.ActiveCfg = Release|Any CPU
		{FE33AB37-B63D-42EF-B699-DBDE77F7C041}.Release|Any CPU.Build.0 = Release|Any CPU
	EndGlobalSection
	GlobalSection(SolutionProperties) = preSolution
		HideSolutionNode = FALSE
	EndGlobalSection
	GlobalSection(ExtensibilityGlobals) = postSolution
		SolutionGuid = {F1510DAB-F9AD-479E-A1F4-A08F66A9A7E9}
	EndGlobalSection
EndGlobal
